
Microsoft Visual Studio Solution File, Format Version 12.00
# Visual Studio Version 17
VisualStudioVersion = 17.9.34728.123
MinimumVisualStudioVersion = 10.0.40219.1
Project("{FAE04EC0-301F-11D3-BF4B-00C04F79EFBC}") = "EFcoreExercise1", "EFcoreExercise1\EFcoreExercise1.csproj", "{F553BD9E-CB95-402A-880E-9E35BF9897A1}"
EndProject
Global
	GlobalSection(SolutionConfigurationPlatforms) = preSolution
		Debug|Any CPU = Debug|Any CPU
		Release|Any CPU = Release|Any CPU
	EndGlobalSection
	GlobalSection(ProjectConfigurationPlatforms) = postSolution
		{F553BD9E-CB95-402A-880E-9E35BF9897A1}.Debug|Any CPU.ActiveCfg = Debug|Any CPU
		{F553BD9E-CB95-402A-880E-9E35BF9897A1}.Debug|Any CPU.Build.0 = Debug|Any CPU
		{F553BD9E-CB95-402A-880E-9E35BF9897A1}.Release|Any CPU.ActiveCfg = Release|Any CPU
		{F553BD9E-CB95-402A-880E-9E35BF9897A1}.Release|Any CPU.Build.0 = Release|Any CPU
	EndGlobalSection
	GlobalSection(SolutionProperties) = preSolution
		HideSolutionNode = FALSE
	EndGlobalSection
	GlobalSection(ExtensibilityGlobals) = postSolution
		SolutionGuid = {26037C0C-25AF-4C0B-A524-D5901AAF35AC}
	EndGlobalSection
EndGlobal
